<?xml version="1.0" encoding="UTF-8"?>
<Scheme LastUpgradeVersion="1640" version="1.3">
   <BuildAction parallelizeBuildables="YES" buildImplicitDependencies="YES">
      <BuildActionEntries>
         <BuildActionEntry buildForTesting="YES" buildForRunning="YES" buildForProfiling="YES" buildForArchiving="YES" buildForAnalyzing="YES">
            <BuildableReference BuildableIdentifier="primary" BlueprintIdentifier="5A354C36BF45597A850E1B0F" BuildableName="EnglishPronunciationCoach.app" BlueprintName="EnglishPronunciationCoach" ReferencedContainer="container:EnglishPronunciationCoach.xcodeproj"/>
         </BuildActionEntry>
      </BuildActionEntries>
   </BuildAction>
   <TestAction buildConfiguration="Debug" selectedDebuggerIdentifier="Xcode.DebuggerFoundation.Debugger.LLDB" selectedLauncherIdentifier="Xcode.IDEFoundation.Launcher.LLDB" shouldUseLaunchSchemeArgsEnv="YES">
      <Testables>
         <TestableReference skipped="NO">
            <BuildableReference BuildableIdentifier="primary" BlueprintIdentifier="984A1D6338D49A1E20867B67" BuildableName="EnglishPronunciationCoachTests.xctest" BlueprintName="EnglishPronunciationCoachTests" ReferencedContainer="container:EnglishPronunciationCoach.xcodeproj"/>
         </TestableReference>
      </Testables>
   </TestAction>
   <LaunchAction buildConfiguration="Debug" selectedDebuggerIdentifier="Xcode.DebuggerFoundation.Debugger.LLDB" selectedLauncherIdentifier="Xcode.IDEFoundation.Launcher.LLDB" launchStyle="0" useCustomWorkingDirectory="NO" ignoresPersistentStateOnLaunch="NO" debugDocumentVersioning="YES" debugServiceExtension="internal" allowLocationSimulation="YES">
      <BuildableProductRunnable runnableDebuggingMode="0">
         <BuildableReference BuildableIdentifier="primary" BlueprintIdentifier="5A354C36BF45597A850E1B0F" BuildableName="EnglishPronunciationCoach.app" BlueprintName="EnglishPronunciationCoach" ReferencedContainer="container:EnglishPronunciationCoach.xcodeproj"/>
      </BuildableProductRunnable>
   </LaunchAction>
   <ArchiveAction buildConfiguration="Release" revealArchiveInOrganizer="YES"/>
</Scheme>
