// !$*UTF8*$!
{
	archiveVersion = 1;
	classes = {};
	objectVersion = 56;
	objects = {

/* Begin PBXBuildFile section */
		0318C4BAB169C0C3B3558B18 /* Prosody.cpp in Sources */ = {isa = PBXBuildFile; fileRef = 8CE39C7CB939502AB2104E24 /* Prosody.cpp */; };
		1321B9639DD98CDAE4388A3C /* PracticeStats.swift in Sources */ = {isa = PBXBuildFile; fileRef = 79CE64DFAFDD4394DCA190B2 /* PracticeStats.swift */; };
		1DD4D7ADBA2933F18C92CCB8 /* PhonemeScoring.cpp in Sources */ = {isa = PBXBuildFile; fileRef = A9238D438C375B2C32DD0E45 /* PhonemeScoring.cpp */; };
		1FF5274DF45FC835FF47118E /* Theme.swift in Sources */ = {isa = PBXBuildFile; fileRef = 9E31CA5A3677F3DBE2FEAE6B /* Theme.swift */; };
		24914866AD5277E8C74315C9 /* CApi.cpp in Sources */ = {isa = PBXBuildFile; fileRef = 12EBFDDC25062906ED12D04C /* CApi.cpp */; };
		27E834E8A63F703C92C89C7C /* stages.json in Resources */ = {isa = PBXBuildFile; fileRef = EAF20C2345BD5A368A9EF4E7 /* stages.json */; };
		325CF79DAC1F6F5B96E022C6 /* StageDetailView.swift in Sources */ = {isa = PBXBuildFile; fileRef = CBA4B1B70AFA3AB836F148A2 /* StageDetailView.swift */; };
		3AB16B266A4B1A7B3E25F7F8 /* ZukanView.swift in Sources */ = {isa = PBXBuildFile; fileRef = 053A609224D840AE31338769 /* ZukanView.swift */; };
		3D9247486DFBFAE22A15B9E1 /* ChallengeView.swift in Sources */ = {isa = PBXBuildFile; fileRef = D713D789153459CB019971F8 /* ChallengeView.swift */; };
		41CCF9C86BBDC00FB5F15DF6 /* StarsView.swift in Sources */ = {isa = PBXBuildFile; fileRef = 936791C6FB10B9384095FA1F /* StarsView.swift */; };
		4519441091BA2FFD6A95F048 /* DecisionRules.cpp in Sources */ = {isa = PBXBuildFile; fileRef = 08F2967FD8D21DE84A12F98E /* DecisionRules.cpp */; };
		48C3F09310EF46ECBEEE7721 /* iOS18Shell in Frameworks */ = {isa = PBXBuildFile; productRef = 7B2B2F123E9F1785BC33B926 /* iOS18Shell */; };
		49DB1A615F12B11EABDC4694 /* PhonemeInventory.cpp in Sources */ = {isa = PBXBuildFile; fileRef = 331DF698C77C925BCFB8D196 /* PhonemeInventory.cpp */; };
		4B5A47527D4E957C8D50A519 /* SoundDetailView.swift in Sources */ = {isa = PBXBuildFile; fileRef = E07D5681056667E18B615194 /* SoundDetailView.swift */; };
		5DDB24732EF261D6A145EBD5 /* AudioQuality.cpp in Sources */ = {isa = PBXBuildFile; fileRef = A75FDD87BA58815D482857B5 /* AudioQuality.cpp */; };
		6A9D7D30257C9EEDBB5C0C5F /* Sound.swift in Sources */ = {isa = PBXBuildFile; fileRef = BC698613BB246644D7A8CD87 /* Sound.swift */; };
		6DD02B965202C1E25839D3C8 /* EntitlementStore.swift in Sources */ = {isa = PBXBuildFile; fileRef = 58550DE68E8B4ED0DE82FAF5 /* EntitlementStore.swift */; };
		73A275977F742BE016E927E6 /* ProgressTabView.swift in Sources */ = {isa = PBXBuildFile; fileRef = C916F9F6A1747F2BBB26ADC0 /* ProgressTabView.swift */; };
		75C530FB04CC52031B75747C /* ContentValidation.cpp in Sources */ = {isa = PBXBuildFile; fileRef = 9868BCF42FD8FF4048EC4B05 /* ContentValidation.cpp */; };
		7751436633CA9B86A319241D /* PronunciationEngineResources in Resources */ = {isa = PBXBuildFile; fileRef = FF781D9B8E26F9E24B3E0DD5 /* PronunciationEngineResources */; };
		77748C6361E659DB13AAF01B /* Assets.xcassets in Resources */ = {isa = PBXBuildFile; fileRef = A6DF951C978AF499BEE474C4 /* Assets.xcassets */; };
		7CC1DF72A4A940A65BB89928 /* ErrorHistory.cpp in Sources */ = {isa = PBXBuildFile; fileRef = 3B00626E5B0139154C22CF53 /* ErrorHistory.cpp */; };
		85F6FE4D2CEBA5AA4B77D1BB /* ChallengeViewModel.swift in Sources */ = {isa = PBXBuildFile; fileRef = 8B8E19DB438641FAD5BDF9CF /* ChallengeViewModel.swift */; };
		8A401657148C3C846A6770AE /* AudioRecorder.swift in Sources */ = {isa = PBXBuildFile; fileRef = 0979F71725C1AD0B6FF3067A /* AudioRecorder.swift */; };
		8C7B1FE8E658DE2DA59E97EB /* AdventureView.swift in Sources */ = {isa = PBXBuildFile; fileRef = 3DD3B3A1B358C580E0A05502 /* AdventureView.swift */; };
		8E78A7F18B94286FE92582FF /* Engine.cpp in Sources */ = {isa = PBXBuildFile; fileRef = ACCE85410DBEDDF14DCB95ED /* Engine.cpp */; };
		913FBF3B63C1FF983B98ADEB /* ModelOutputProjection.cpp in Sources */ = {isa = PBXBuildFile; fileRef = 3DB1B6806AAA5C974DCEE688 /* ModelOutputProjection.cpp */; };
		946AFFA487844C04C3F4B9FE /* RootView.swift in Sources */ = {isa = PBXBuildFile; fileRef = 0B5CD8B1E8B66131A46B6F86 /* RootView.swift */; };
		9BB579D62EE1596C5C20138E /* SettingsView.swift in Sources */ = {isa = PBXBuildFile; fileRef = D7D385D294BB71AD4ACC359B /* SettingsView.swift */; };
		A3789825E74A6449CD27EBD9 /* Models.swift in Sources */ = {isa = PBXBuildFile; fileRef = 29863126E704A3B5A56F394B /* Models.swift */; };
		A91C2355D0F50949A7AB45D7 /* onnxruntime in Frameworks */ = {isa = PBXBuildFile; productRef = A0B10C78812844387DC2E861 /* onnxruntime */; };
		AB24112BDC33FD7183457EF2 /* PaywallView.swift in Sources */ = {isa = PBXBuildFile; fileRef = 9235E0EDBE289729799B84BD /* PaywallView.swift */; };
		AE59877FB6BC06F442E32BD5 /* DailyAllowance.swift in Sources */ = {isa = PBXBuildFile; fileRef = D380FD986A8FC215F00F963F /* DailyAllowance.swift */; };
		B308BFF1144E24D2F895EFF1 /* PracticeOutcome.swift in Sources */ = {isa = PBXBuildFile; fileRef = 50358D2D0F69A710E7FAD8EB /* PracticeOutcome.swift */; };
		C3EB2E9A7F3DD58A4DCF1017 /* ClearView.swift in Sources */ = {isa = PBXBuildFile; fileRef = 2D40D81D3066978B42A5D057 /* ClearView.swift */; };
		C5A32C7073F405D226A8AEF9 /* Components.swift in Sources */ = {isa = PBXBuildFile; fileRef = 475712EB17CE3226D2566FCA /* Components.swift */; };
		C816D74E580A3E672A86E090 /* NativeEngineGateTests.swift in TestSources */ = {isa = PBXBuildFile; fileRef = B688849D970DF89EDDF675B0 /* NativeEngineGateTests.swift */; };
		D16E5D82797A0CCFC27A2C3A /* Stage.swift in Sources */ = {isa = PBXBuildFile; fileRef = 867B2A392A2ACE2950CF4B92 /* Stage.swift */; };
		D6BF1CF3F80C41F8548F6EA5 /* OnnxAcousticModel.cpp in Sources */ = {isa = PBXBuildFile; fileRef = BB2A3740FCFFB482EF02140E /* OnnxAcousticModel.cpp */; };
		DEEFB92118D6089DDED2466A /* MockAcousticModel.cpp in Sources */ = {isa = PBXBuildFile; fileRef = CEEAA76A43FD8607067B9CCB /* MockAcousticModel.cpp */; };
		E0670461C18782BCC148B19D /* EnglishPronunciationCoachApp.swift in Sources */ = {isa = PBXBuildFile; fileRef = 0208D38B7802A03B69DEEE24 /* EnglishPronunciationCoachApp.swift */; };
		E5B3193C77E8F07F9BAFA758 /* model_q4f16.onnx in Resources */ = {isa = PBXBuildFile; fileRef = A5F9F4E889107AA723675ABD /* model_q4f16.onnx */; };
		EDB6B9540B7517CF456F735D /* ModelTests.swift in TestSources */ = {isa = PBXBuildFile; fileRef = A0379833479239AAF259E4A4 /* ModelTests.swift */; };
		EF6FCAE60651A0819BFD6454 /* CTCAlignment.cpp in Sources */ = {isa = PBXBuildFile; fileRef = DBB1AF5B618DAB495749D725 /* CTCAlignment.cpp */; };
		F1A0A4367D8EA0C33BF00D60 /* ModelAudioPlayer.swift in Sources */ = {isa = PBXBuildFile; fileRef = 0391C5A482F8030D4024564B /* ModelAudioPlayer.swift */; };
		F5B3D2814E35D219E1DCF0BB /* ContentStore.cpp in Sources */ = {isa = PBXBuildFile; fileRef = FDD0F93109912B883A34AAC6 /* ContentStore.cpp */; };
		F793853B16A62DABDB62D4DC /* PronunciationEngine.swift in Sources */ = {isa = PBXBuildFile; fileRef = F3E1483698FA8E98F1DAE1CD /* PronunciationEngine.swift */; };
		FACBB2BC09EB5883C6393F1A /* StoreConfig.swift in Sources */ = {isa = PBXBuildFile; fileRef = 05A2C952739D10835B3E86F9 /* StoreConfig.swift */; };
		FBC87CC4F93F4EC944DCB36A /* PrivacyInfo.xcprivacy in Resources */ = {isa = PBXBuildFile; fileRef = 2FAEF51B8104D291033EB317 /* PrivacyInfo.xcprivacy */; };
/* End PBXBuildFile section */

/* Begin PBXContainerItemProxy section */
		431387EB7262E1CFC79B125E /* PBXContainerItemProxy */ = {isa = PBXContainerItemProxy; containerPortal = 46F86FAA6BBF9AC94A7E4595 /* Project object */; proxyType = 1; remoteGlobalIDString = 5A354C36BF45597A850E1B0F; remoteInfo = EnglishPronunciationCoach; };
/* End PBXContainerItemProxy section */

/* Begin PBXFileReference section */
		0208D38B7802A03B69DEEE24 /* EnglishPronunciationCoachApp.swift */ = {isa = PBXFileReference; lastKnownFileType = sourcecode.swift; path = EnglishPronunciationCoachApp.swift; sourceTree = "<group>"; };
		0391C5A482F8030D4024564B /* ModelAudioPlayer.swift */ = {isa = PBXFileReference; lastKnownFileType = sourcecode.swift; path = ModelAudioPlayer.swift; sourceTree = "<group>"; };
		053A609224D840AE31338769 /* ZukanView.swift */ = {isa = PBXFileReference; lastKnownFileType = sourcecode.swift; path = ZukanView.swift; sourceTree = "<group>"; };
		05A2C952739D10835B3E86F9 /* StoreConfig.swift */ = {isa = PBXFileReference; lastKnownFileType = sourcecode.swift; path = StoreConfig.swift; sourceTree = "<group>"; };
		08F2967FD8D21DE84A12F98E /* DecisionRules.cpp */ = {isa = PBXFileReference; lastKnownFileType = sourcecode.cpp.cpp; path = DecisionRules.cpp; sourceTree = "<group>"; };
		0979F71725C1AD0B6FF3067A /* AudioRecorder.swift */ = {isa = PBXFileReference; lastKnownFileType = sourcecode.swift; path = AudioRecorder.swift; sourceTree = "<group>"; };
		0B5CD8B1E8B66131A46B6F86 /* RootView.swift */ = {isa = PBXFileReference; lastKnownFileType = sourcecode.swift; path = RootView.swift; sourceTree = "<group>"; };
		0BCCB73C6C5C9B5CB3943482 /* CTCAlignment.h */ = {isa = PBXFileReference; lastKnownFileType = sourcecode.c.h; path = CTCAlignment.h; sourceTree = "<group>"; };
		12EBFDDC25062906ED12D04C /* CApi.cpp */ = {isa = PBXFileReference; lastKnownFileType = sourcecode.cpp.cpp; path = CApi.cpp; sourceTree = "<group>"; };
		1BA42EEE44235BB8DB1D5637 /* AcousticModel.h */ = {isa = PBXFileReference; lastKnownFileType = sourcecode.c.h; path = AcousticModel.h; sourceTree = "<group>"; };
		29863126E704A3B5A56F394B /* Models.swift */ = {isa = PBXFileReference; lastKnownFileType = sourcecode.swift; path = Models.swift; sourceTree = "<group>"; };
		2D40D81D3066978B42A5D057 /* ClearView.swift */ = {isa = PBXFileReference; lastKnownFileType = sourcecode.swift; path = ClearView.swift; sourceTree = "<group>"; };
		2FAEF51B8104D291033EB317 /* PrivacyInfo.xcprivacy */ = {isa = PBXFileReference; lastKnownFileType = text.xml; path = PrivacyInfo.xcprivacy; sourceTree = "<group>"; };
		331DF698C77C925BCFB8D196 /* PhonemeInventory.cpp */ = {isa = PBXFileReference; lastKnownFileType = sourcecode.cpp.cpp; path = PhonemeInventory.cpp; sourceTree = "<group>"; };
		3658A8DDCD35B7B71543437C /* PronunciationEngine.h */ = {isa = PBXFileReference; lastKnownFileType = sourcecode.c.h; path = PronunciationEngine.h; sourceTree = "<group>"; };
		3B00626E5B0139154C22CF53 /* ErrorHistory.cpp */ = {isa = PBXFileReference; lastKnownFileType = sourcecode.cpp.cpp; path = ErrorHistory.cpp; sourceTree = "<group>"; };
		3DB1B6806AAA5C974DCEE688 /* ModelOutputProjection.cpp */ = {isa = PBXFileReference; lastKnownFileType = sourcecode.cpp.cpp; path = ModelOutputProjection.cpp; sourceTree = "<group>"; };
		3DD3B3A1B358C580E0A05502 /* AdventureView.swift */ = {isa = PBXFileReference; lastKnownFileType = sourcecode.swift; path = AdventureView.swift; sourceTree = "<group>"; };
		475712EB17CE3226D2566FCA /* Components.swift */ = {isa = PBXFileReference; lastKnownFileType = sourcecode.swift; path = Components.swift; sourceTree = "<group>"; };
		4BB74ADFF96E6BF03B6490EE /* PhonemeInventory.h */ = {isa = PBXFileReference; lastKnownFileType = sourcecode.c.h; path = PhonemeInventory.h; sourceTree = "<group>"; };
		50358D2D0F69A710E7FAD8EB /* PracticeOutcome.swift */ = {isa = PBXFileReference; lastKnownFileType = sourcecode.swift; path = PracticeOutcome.swift; sourceTree = "<group>"; };
		55E85B62FE920C0C0197973F /* OnnxAcousticModel.h */ = {isa = PBXFileReference; lastKnownFileType = sourcecode.c.h; path = OnnxAcousticModel.h; sourceTree = "<group>"; };
		58550DE68E8B4ED0DE82FAF5 /* EntitlementStore.swift */ = {isa = PBXFileReference; lastKnownFileType = sourcecode.swift; path = EntitlementStore.swift; sourceTree = "<group>"; };
		58C8385735CD4686556B24EA /* ContentValidation.h */ = {isa = PBXFileReference; lastKnownFileType = sourcecode.c.h; path = ContentValidation.h; sourceTree = "<group>"; };
		685E02007277DF60E68001CE /* MockAcousticModel.h */ = {isa = PBXFileReference; lastKnownFileType = sourcecode.c.h; path = MockAcousticModel.h; sourceTree = "<group>"; };
		6DD91A3DCE23208C932E3FD8 /* ContentTypes.h */ = {isa = PBXFileReference; lastKnownFileType = sourcecode.c.h; path = ContentTypes.h; sourceTree = "<group>"; };
		713EC61010A2E67CAD230614 /* DecisionRules.h */ = {isa = PBXFileReference; lastKnownFileType = sourcecode.c.h; path = DecisionRules.h; sourceTree = "<group>"; };
		79CE64DFAFDD4394DCA190B2 /* PracticeStats.swift */ = {isa = PBXFileReference; lastKnownFileType = sourcecode.swift; path = PracticeStats.swift; sourceTree = "<group>"; };
		839E0BA091BECD17AC094A29 /* Prosody.h */ = {isa = PBXFileReference; lastKnownFileType = sourcecode.c.h; path = Prosody.h; sourceTree = "<group>"; };
		867B2A392A2ACE2950CF4B92 /* Stage.swift */ = {isa = PBXFileReference; lastKnownFileType = sourcecode.swift; path = Stage.swift; sourceTree = "<group>"; };
		8B8E19DB438641FAD5BDF9CF /* ChallengeViewModel.swift */ = {isa = PBXFileReference; lastKnownFileType = sourcecode.swift; path = ChallengeViewModel.swift; sourceTree = "<group>"; };
		8C232C6C5502D38A2DAF4272 /* Engine.h */ = {isa = PBXFileReference; lastKnownFileType = sourcecode.c.h; path = Engine.h; sourceTree = "<group>"; };
		8CE39C7CB939502AB2104E24 /* Prosody.cpp */ = {isa = PBXFileReference; lastKnownFileType = sourcecode.cpp.cpp; path = Prosody.cpp; sourceTree = "<group>"; };
		9235E0EDBE289729799B84BD /* PaywallView.swift */ = {isa = PBXFileReference; lastKnownFileType = sourcecode.swift; path = PaywallView.swift; sourceTree = "<group>"; };
		936791C6FB10B9384095FA1F /* StarsView.swift */ = {isa = PBXFileReference; lastKnownFileType = sourcecode.swift; path = StarsView.swift; sourceTree = "<group>"; };
		9636CDBFB2520608941F3823 /* PhonemeScoring.h */ = {isa = PBXFileReference; lastKnownFileType = sourcecode.c.h; path = PhonemeScoring.h; sourceTree = "<group>"; };
		9868BCF42FD8FF4048EC4B05 /* ContentValidation.cpp */ = {isa = PBXFileReference; lastKnownFileType = sourcecode.cpp.cpp; path = ContentValidation.cpp; sourceTree = "<group>"; };
		9E31CA5A3677F3DBE2FEAE6B /* Theme.swift */ = {isa = PBXFileReference; lastKnownFileType = sourcecode.swift; path = Theme.swift; sourceTree = "<group>"; };
		A0379833479239AAF259E4A4 /* ModelTests.swift */ = {isa = PBXFileReference; lastKnownFileType = sourcecode.swift; path = ModelTests.swift; sourceTree = "<group>"; };
		A3F2878002B5DFCC27CE37E0 /* AudioQuality.h */ = {isa = PBXFileReference; lastKnownFileType = sourcecode.c.h; path = AudioQuality.h; sourceTree = "<group>"; };
		A5F9F4E889107AA723675ABD /* model_q4f16.onnx */ = {isa = PBXFileReference; lastKnownFileType = file; path = EnglishPronunciationCoach/Resources/model_q4f16.onnx; sourceTree = SOURCE_ROOT; };
		A6DF951C978AF499BEE474C4 /* Assets.xcassets */ = {isa = PBXFileReference; lastKnownFileType = folder.assetcatalog; path = Assets.xcassets; sourceTree = "<group>"; };
		A75FDD87BA58815D482857B5 /* AudioQuality.cpp */ = {isa = PBXFileReference; lastKnownFileType = sourcecode.cpp.cpp; path = AudioQuality.cpp; sourceTree = "<group>"; };
		A9238D438C375B2C32DD0E45 /* PhonemeScoring.cpp */ = {isa = PBXFileReference; lastKnownFileType = sourcecode.cpp.cpp; path = PhonemeScoring.cpp; sourceTree = "<group>"; };
		ACCE85410DBEDDF14DCB95ED /* Engine.cpp */ = {isa = PBXFileReference; lastKnownFileType = sourcecode.cpp.cpp; path = Engine.cpp; sourceTree = "<group>"; };
		B688849D970DF89EDDF675B0 /* NativeEngineGateTests.swift */ = {isa = PBXFileReference; lastKnownFileType = sourcecode.swift; path = NativeEngineGateTests.swift; sourceTree = "<group>"; };
		B96DF5F6B56C1D1F43E9BFFA /* ContentStore.h */ = {isa = PBXFileReference; lastKnownFileType = sourcecode.c.h; path = ContentStore.h; sourceTree = "<group>"; };
		BB2A3740FCFFB482EF02140E /* OnnxAcousticModel.cpp */ = {isa = PBXFileReference; lastKnownFileType = sourcecode.cpp.cpp; path = OnnxAcousticModel.cpp; sourceTree = "<group>"; };
		BC698613BB246644D7A8CD87 /* Sound.swift */ = {isa = PBXFileReference; lastKnownFileType = sourcecode.swift; path = Sound.swift; sourceTree = "<group>"; };
		C916F9F6A1747F2BBB26ADC0 /* ProgressTabView.swift */ = {isa = PBXFileReference; lastKnownFileType = sourcecode.swift; path = ProgressTabView.swift; sourceTree = "<group>"; };
		CBA4B1B70AFA3AB836F148A2 /* StageDetailView.swift */ = {isa = PBXFileReference; lastKnownFileType = sourcecode.swift; path = StageDetailView.swift; sourceTree = "<group>"; };
		CEEAA76A43FD8607067B9CCB /* MockAcousticModel.cpp */ = {isa = PBXFileReference; lastKnownFileType = sourcecode.cpp.cpp; path = MockAcousticModel.cpp; sourceTree = "<group>"; };
		D380FD986A8FC215F00F963F /* DailyAllowance.swift */ = {isa = PBXFileReference; lastKnownFileType = sourcecode.swift; path = DailyAllowance.swift; sourceTree = "<group>"; };
		D5B555459F2F6BA661C3F321 /* Types.h */ = {isa = PBXFileReference; lastKnownFileType = sourcecode.c.h; path = Types.h; sourceTree = "<group>"; };
		D713D789153459CB019971F8 /* ChallengeView.swift */ = {isa = PBXFileReference; lastKnownFileType = sourcecode.swift; path = ChallengeView.swift; sourceTree = "<group>"; };
		D7D385D294BB71AD4ACC359B /* SettingsView.swift */ = {isa = PBXFileReference; lastKnownFileType = sourcecode.swift; path = SettingsView.swift; sourceTree = "<group>"; };
		DBB1AF5B618DAB495749D725 /* CTCAlignment.cpp */ = {isa = PBXFileReference; lastKnownFileType = sourcecode.cpp.cpp; path = CTCAlignment.cpp; sourceTree = "<group>"; };
		DDC0CA897913097EEE1324E9 /* ModelOutputProjection.h */ = {isa = PBXFileReference; lastKnownFileType = sourcecode.c.h; path = ModelOutputProjection.h; sourceTree = "<group>"; };
		E07D5681056667E18B615194 /* SoundDetailView.swift */ = {isa = PBXFileReference; lastKnownFileType = sourcecode.swift; path = SoundDetailView.swift; sourceTree = "<group>"; };
		EAF20C2345BD5A368A9EF4E7 /* stages.json */ = {isa = PBXFileReference; lastKnownFileType = text.json; path = stages.json; sourceTree = "<group>"; };
		EBD9C5B0D65555A332E27D9D /* Info.plist */ = {isa = PBXFileReference; lastKnownFileType = text.plist.xml; path = Info.plist; sourceTree = "<group>"; };
		F3E1483698FA8E98F1DAE1CD /* PronunciationEngine.swift */ = {isa = PBXFileReference; lastKnownFileType = sourcecode.swift; path = PronunciationEngine.swift; sourceTree = "<group>"; };
		F8A11CBD0156706C4010BC9E /* PronunciationEngine-Bridging-Header.h */ = {isa = PBXFileReference; lastKnownFileType = sourcecode.c.h; path = "PronunciationEngine-Bridging-Header.h"; sourceTree = "<group>"; };
		FDD0F93109912B883A34AAC6 /* ContentStore.cpp */ = {isa = PBXFileReference; lastKnownFileType = sourcecode.cpp.cpp; path = ContentStore.cpp; sourceTree = "<group>"; };
		FED9C2C885C11EAD32CBE8C8 /* ErrorHistory.h */ = {isa = PBXFileReference; lastKnownFileType = sourcecode.c.h; path = ErrorHistory.h; sourceTree = "<group>"; };
		FF781D9B8E26F9E24B3E0DD5 /* PronunciationEngineResources */ = {isa = PBXFileReference; lastKnownFileType = folder; name = PronunciationEngineResources; path = ../pronunciation-engine/Resources; sourceTree = "<group>"; };
		F2884782F37568B630B488FE /* EnglishPronunciationCoach.app */ = {isa = PBXFileReference; explicitFileType = wrapper.application; includeInIndex = 0; path = EnglishPronunciationCoach.app; sourceTree = BUILT_PRODUCTS_DIR; };
		F36A49B3AD9567021B66A1EF /* EnglishPronunciationCoachTests.xctest */ = {isa = PBXFileReference; explicitFileType = wrapper.cfbundle; includeInIndex = 0; path = EnglishPronunciationCoachTests.xctest; sourceTree = BUILT_PRODUCTS_DIR; };
/* End PBXFileReference section */

/* Begin PBXFrameworksBuildPhase section */
		EEEDF3ECD51708B3B4EF47DB /* Frameworks */ = {isa = PBXFrameworksBuildPhase; buildActionMask = 2147483647; files = (48C3F09310EF46ECBEEE7721 /* iOS18Shell in Frameworks */, A91C2355D0F50949A7AB45D7 /* onnxruntime in Frameworks */); runOnlyForDeploymentPostprocessing = 0; };
		1DA86BDEFE49623EC08FBC4A /* Frameworks */ = {isa = PBXFrameworksBuildPhase; buildActionMask = 2147483647; files = (); runOnlyForDeploymentPostprocessing = 0; };
/* End PBXFrameworksBuildPhase section */

/* Begin PBXGroup section */
		08BD217EAAC577CED084AA1A /* Features */ = {isa = PBXGroup; children = (4A1E385ABB924FC6BBDF6D7D /* Adventure */, 0F2F2CEBAF1E30C90F25344C /* Challenge */, 9EFDFF6637F882AD235DA8FE /* Clear */, 71B54F51D425186B21772B1B /* Paywall */, DBD08948BF22E0DF60A3D07A /* Progress */, D9193856F98A40D4DDE6311D /* Settings */, BA4919B996A82CD90B4CDBE4 /* Zukan */); path = Features; sourceTree = "<group>"; };
		0F2F2CEBAF1E30C90F25344C /* Challenge */ = {isa = PBXGroup; children = (D713D789153459CB019971F8 /* ChallengeView.swift */, 8B8E19DB438641FAD5BDF9CF /* ChallengeViewModel.swift */); path = Challenge; sourceTree = "<group>"; };
		0F3C5251CF6BA7AFA6401F66 /* Model */ = {isa = PBXGroup; children = (D380FD986A8FC215F00F963F /* DailyAllowance.swift */, 50358D2D0F69A710E7FAD8EB /* PracticeOutcome.swift */, 79CE64DFAFDD4394DCA190B2 /* PracticeStats.swift */, BC698613BB246644D7A8CD87 /* Sound.swift */, 867B2A392A2ACE2950CF4B92 /* Stage.swift */); path = Model; sourceTree = "<group>"; };
		2116D6AA12F4BF2842BA267B /* Products */ = {isa = PBXGroup; children = (F2884782F37568B630B488FE /* EnglishPronunciationCoach.app */, F36A49B3AD9567021B66A1EF /* EnglishPronunciationCoachTests.xctest */); name = Products; sourceTree = "<group>"; };
		2C4D4432C02E587AA3E822AC /* AudioQuality */ = {isa = PBXGroup; children = (A75FDD87BA58815D482857B5 /* AudioQuality.cpp */, A3F2878002B5DFCC27CE37E0 /* AudioQuality.h */); path = AudioQuality; sourceTree = "<group>"; };
		3811AA652B0F48ADED094DEA /* EnglishPronunciationCoach */ = {isa = PBXGroup; children = (81FC4B022B6C6E7CADE5110C /* App */, 57FD0CA14985CB92635E35F3 /* Audio */, D900D047EAB615E9C9499869 /* Design */, 9F1E0DA3B977A7DE7E76E4AB /* EngineBridge */, 08BD217EAAC577CED084AA1A /* Features */, 0F3C5251CF6BA7AFA6401F66 /* Model */, 482FA1F9A5885A16EB573BDE /* Persistence */, 8A0299DE4C0EDBE683E6EF23 /* Resources */, 91F037D15D0DE9055DD9F77B /* Store */); path = EnglishPronunciationCoach; sourceTree = "<group>"; };
		482FA1F9A5885A16EB573BDE /* Persistence */ = {isa = PBXGroup; children = (29863126E704A3B5A56F394B /* Models.swift */); path = Persistence; sourceTree = "<group>"; };
		4A1E385ABB924FC6BBDF6D7D /* Adventure */ = {isa = PBXGroup; children = (3DD3B3A1B358C580E0A05502 /* AdventureView.swift */, CBA4B1B70AFA3AB836F148A2 /* StageDetailView.swift */); path = Adventure; sourceTree = "<group>"; };
		52214B4E58F5D2D0D404B159 /* DecisionRules */ = {isa = PBXGroup; children = (08F2967FD8D21DE84A12F98E /* DecisionRules.cpp */, 713EC61010A2E67CAD230614 /* DecisionRules.h */, 3B00626E5B0139154C22CF53 /* ErrorHistory.cpp */, FED9C2C885C11EAD32CBE8C8 /* ErrorHistory.h */); path = DecisionRules; sourceTree = "<group>"; };
		542D3D0DAA747D689B23FB20 /* Prosody */ = {isa = PBXGroup; children = (8CE39C7CB939502AB2104E24 /* Prosody.cpp */, 839E0BA091BECD17AC094A29 /* Prosody.h */); path = Prosody; sourceTree = "<group>"; };
		57FD0CA14985CB92635E35F3 /* Audio */ = {isa = PBXGroup; children = (0979F71725C1AD0B6FF3067A /* AudioRecorder.swift */, 0391C5A482F8030D4024564B /* ModelAudioPlayer.swift */); path = Audio; sourceTree = "<group>"; };
		71B54F51D425186B21772B1B /* Paywall */ = {isa = PBXGroup; children = (9235E0EDBE289729799B84BD /* PaywallView.swift */); path = Paywall; sourceTree = "<group>"; };
		81FC4B022B6C6E7CADE5110C /* App */ = {isa = PBXGroup; children = (0208D38B7802A03B69DEEE24 /* EnglishPronunciationCoachApp.swift */, 0B5CD8B1E8B66131A46B6F86 /* RootView.swift */); path = App; sourceTree = "<group>"; };
		8A0299DE4C0EDBE683E6EF23 /* Resources */ = {isa = PBXGroup; children = (A6DF951C978AF499BEE474C4 /* Assets.xcassets */, EBD9C5B0D65555A332E27D9D /* Info.plist */, 2FAEF51B8104D291033EB317 /* PrivacyInfo.xcprivacy */, EAF20C2345BD5A368A9EF4E7 /* stages.json */); path = Resources; sourceTree = "<group>"; };
		91F037D15D0DE9055DD9F77B /* Store */ = {isa = PBXGroup; children = (58550DE68E8B4ED0DE82FAF5 /* EntitlementStore.swift */, 05A2C952739D10835B3E86F9 /* StoreConfig.swift */); path = Store; sourceTree = "<group>"; };
		9EFDFF6637F882AD235DA8FE /* Clear */ = {isa = PBXGroup; children = (2D40D81D3066978B42A5D057 /* ClearView.swift */); path = Clear; sourceTree = "<group>"; };
		9F1E0DA3B977A7DE7E76E4AB /* EngineBridge */ = {isa = PBXGroup; children = (F8A11CBD0156706C4010BC9E /* PronunciationEngine-Bridging-Header.h */, F3E1483698FA8E98F1DAE1CD /* PronunciationEngine.swift */); path = EngineBridge; sourceTree = "<group>"; };
		A2772EB5676ED2B691193947 = {isa = PBXGroup; children = (3811AA652B0F48ADED094DEA /* EnglishPronunciationCoach */, F26E1C2DE0D0616A6076E647 /* EnglishPronunciationCoachTests */, A483BA4F090D884257D2E04A /* PronunciationEngine Sources */, C0BB7C93F9955531493E1547 /* PronunciationEngine Public API */, FF781D9B8E26F9E24B3E0DD5 /* PronunciationEngineResources */, A5F9F4E889107AA723675ABD /* model_q4f16.onnx */, 2116D6AA12F4BF2842BA267B /* Products */); sourceTree = "<group>"; };
		A483BA4F090D884257D2E04A /* PronunciationEngine Sources */ = {isa = PBXGroup; children = (12EBFDDC25062906ED12D04C /* CApi.cpp */, ACCE85410DBEDDF14DCB95ED /* Engine.cpp */, 8C232C6C5502D38A2DAF4272 /* Engine.h */, D5B555459F2F6BA661C3F321 /* Types.h */, DF9EC0BA6A57D92F72281875 /* Acoustic */, 2C4D4432C02E587AA3E822AC /* AudioQuality */, CF797C28E6EB804B235A8128 /* CTCAlignment */, D6CFF8DC168150EFB5FA79F6 /* Content */, F68A67283C622A5F97C62482 /* ContentValidation */, 52214B4E58F5D2D0D404B159 /* DecisionRules */, D4D74A365C8F122A85446473 /* PhonemeScoring */, 542D3D0DAA747D689B23FB20 /* Prosody */); path = "../pronunciation-engine/src"; sourceTree = "<group>"; };
		BA4919B996A82CD90B4CDBE4 /* Zukan */ = {isa = PBXGroup; children = (E07D5681056667E18B615194 /* SoundDetailView.swift */, 053A609224D840AE31338769 /* ZukanView.swift */); path = Zukan; sourceTree = "<group>"; };
		C0BB7C93F9955531493E1547 /* PronunciationEngine Public API */ = {isa = PBXGroup; children = (3658A8DDCD35B7B71543437C /* PronunciationEngine.h */); path = "../pronunciation-engine/include"; sourceTree = "<group>"; };
		CF797C28E6EB804B235A8128 /* CTCAlignment */ = {isa = PBXGroup; children = (DBB1AF5B618DAB495749D725 /* CTCAlignment.cpp */, 0BCCB73C6C5C9B5CB3943482 /* CTCAlignment.h */); path = CTCAlignment; sourceTree = "<group>"; };
		D4D74A365C8F122A85446473 /* PhonemeScoring */ = {isa = PBXGroup; children = (A9238D438C375B2C32DD0E45 /* PhonemeScoring.cpp */, 9636CDBFB2520608941F3823 /* PhonemeScoring.h */); path = PhonemeScoring; sourceTree = "<group>"; };
		D6CFF8DC168150EFB5FA79F6 /* Content */ = {isa = PBXGroup; children = (FDD0F93109912B883A34AAC6 /* ContentStore.cpp */, B96DF5F6B56C1D1F43E9BFFA /* ContentStore.h */, 6DD91A3DCE23208C932E3FD8 /* ContentTypes.h */, 331DF698C77C925BCFB8D196 /* PhonemeInventory.cpp */, 4BB74ADFF96E6BF03B6490EE /* PhonemeInventory.h */); path = Content; sourceTree = "<group>"; };
		D900D047EAB615E9C9499869 /* Design */ = {isa = PBXGroup; children = (475712EB17CE3226D2566FCA /* Components.swift */, 936791C6FB10B9384095FA1F /* StarsView.swift */, 9E31CA5A3677F3DBE2FEAE6B /* Theme.swift */); path = Design; sourceTree = "<group>"; };
		D9193856F98A40D4DDE6311D /* Settings */ = {isa = PBXGroup; children = (D7D385D294BB71AD4ACC359B /* SettingsView.swift */); path = Settings; sourceTree = "<group>"; };
		DBD08948BF22E0DF60A3D07A /* Progress */ = {isa = PBXGroup; children = (C916F9F6A1747F2BBB26ADC0 /* ProgressTabView.swift */); path = Progress; sourceTree = "<group>"; };
		DF9EC0BA6A57D92F72281875 /* Acoustic */ = {isa = PBXGroup; children = (1BA42EEE44235BB8DB1D5637 /* AcousticModel.h */, CEEAA76A43FD8607067B9CCB /* MockAcousticModel.cpp */, 685E02007277DF60E68001CE /* MockAcousticModel.h */, 3DB1B6806AAA5C974DCEE688 /* ModelOutputProjection.cpp */, DDC0CA897913097EEE1324E9 /* ModelOutputProjection.h */, BB2A3740FCFFB482EF02140E /* OnnxAcousticModel.cpp */, 55E85B62FE920C0C0197973F /* OnnxAcousticModel.h */); path = Acoustic; sourceTree = "<group>"; };
		F26E1C2DE0D0616A6076E647 /* EnglishPronunciationCoachTests */ = {isa = PBXGroup; children = (A0379833479239AAF259E4A4 /* ModelTests.swift */, B688849D970DF89EDDF675B0 /* NativeEngineGateTests.swift */); path = EnglishPronunciationCoachTests; sourceTree = "<group>"; };
		F68A67283C622A5F97C62482 /* ContentValidation */ = {isa = PBXGroup; children = (9868BCF42FD8FF4048EC4B05 /* ContentValidation.cpp */, 58C8385735CD4686556B24EA /* ContentValidation.h */); path = ContentValidation; sourceTree = "<group>"; };
/* End PBXGroup section */

/* Begin PBXNativeTarget section */
		5A354C36BF45597A850E1B0F /* EnglishPronunciationCoach */ = {isa = PBXNativeTarget; buildConfigurationList = 41483DA642C5D42FF9DB7AEC /* Build configuration list for PBXNativeTarget "EnglishPronunciationCoach" */; buildPhases = (4A64BC166515891553C90354 /* Sources */, EEEDF3ECD51708B3B4EF47DB /* Frameworks */, 051F8747036F35E2F96E7DB2 /* Resources */, 81C5E518D1013D8BB71853FB /* Prepare pronunciation resources */); buildRules = (); dependencies = (); name = EnglishPronunciationCoach; packageProductDependencies = (7B2B2F123E9F1785BC33B926 /* iOS18Shell */, A0B10C78812844387DC2E861 /* onnxruntime */); productName = EnglishPronunciationCoach; productReference = F2884782F37568B630B488FE /* EnglishPronunciationCoach.app */; productType = "com.apple.product-type.application"; };
		984A1D6338D49A1E20867B67 /* EnglishPronunciationCoachTests */ = {isa = PBXNativeTarget; buildConfigurationList = 3203F1C301B15B352A464441 /* Build configuration list for PBXNativeTarget "EnglishPronunciationCoachTests" */; buildPhases = (4DB0004DBE3BE28232C7BC2B /* Sources */, 1DA86BDEFE49623EC08FBC4A /* Frameworks */); buildRules = (); dependencies = (E54DEBD65D8142E7785275AA /* PBXTargetDependency */); name = EnglishPronunciationCoachTests; productName = EnglishPronunciationCoachTests; productReference = F36A49B3AD9567021B66A1EF /* EnglishPronunciationCoachTests.xctest */; productType = "com.apple.product-type.bundle.unit-test"; };
/* End PBXNativeTarget section */

/* Begin PBXProject section */
		46F86FAA6BBF9AC94A7E4595 /* Project object */ = {isa = PBXProject; attributes = {BuildIndependentTargetsInParallel = 1; LastUpgradeCheck = 1640; TargetAttributes = {5A354C36BF45597A850E1B0F = {CreatedOnToolsVersion = 16.4; }; 984A1D6338D49A1E20867B67 = {CreatedOnToolsVersion = 16.4; TestTargetID = 5A354C36BF45597A850E1B0F; }; }; }; buildConfigurationList = 281C23BCAB0E702EAA976CAA /* Build configuration list for PBXProject */; compatibilityVersion = "Xcode 14.0"; developmentRegion = ja; hasScannedForEncodings = 0; knownRegions = (ja, en, Base); mainGroup = A2772EB5676ED2B691193947; packageReferences = (12044DB0AB0DB17ACA675B22 /* XCRemoteSwiftPackageReference "ios-18-shell" */, A42CC5A64EC08478549F625F /* XCLocalSwiftPackageReference "OnnxRuntimeBinary" */); productRefGroup = 2116D6AA12F4BF2842BA267B /* Products */; projectDirPath = ""; projectRoot = ""; targets = (5A354C36BF45597A850E1B0F /* EnglishPronunciationCoach */, 984A1D6338D49A1E20867B67 /* EnglishPronunciationCoachTests */); };
/* End PBXProject section */

/* Begin PBXResourcesBuildPhase section */
		051F8747036F35E2F96E7DB2 /* Resources */ = {isa = PBXResourcesBuildPhase; buildActionMask = 2147483647; files = (77748C6361E659DB13AAF01B /* Assets.xcassets in Resources */, FBC87CC4F93F4EC944DCB36A /* PrivacyInfo.xcprivacy in Resources */, 27E834E8A63F703C92C89C7C /* stages.json in Resources */, 7751436633CA9B86A319241D /* PronunciationEngineResources in Resources */, E5B3193C77E8F07F9BAFA758 /* model_q4f16.onnx in Resources */); runOnlyForDeploymentPostprocessing = 0; };
/* End PBXResourcesBuildPhase section */

/* Begin PBXShellScriptBuildPhase section */
		81C5E518D1013D8BB71853FB /* Prepare pronunciation resources */ = {isa = PBXShellScriptBuildPhase; buildActionMask = 2147483647; files = (); inputFileListPaths = (); inputPaths = (); name = "Prepare pronunciation resources"; outputFileListPaths = (); outputPaths = (); runOnlyForDeploymentPostprocessing = 0; shellPath = /bin/sh; shellScript = "resource_root=\"${TARGET_BUILD_DIR}/${UNLOCALIZED_RESOURCES_FOLDER_PATH}\"; engine_source=\"$resource_root/Resources\"; engine_dest=\"$resource_root/PronunciationEngineData\"; if [ -d \"$engine_source\" ]; then rm -rf \"$engine_dest\"; mv \"$engine_source\" \"$engine_dest\"; fi; for path in \"$resource_root/model_q4f16.onnx\" \"$resource_root/PrivacyInfo.xcprivacy\" \"$resource_root/stages.json\" \"$resource_root/Assets.car\"; do if [ -f \"$path\" ]; then /usr/bin/xattr -c \"$path\"; /bin/chmod 0644 \"$path\"; fi; done; if [ -d \"$engine_dest\" ]; then /usr/bin/find \"$engine_dest\" -type f -exec /usr/bin/xattr -c {} \\; -exec /bin/chmod 0644 {} \\; ; fi"; };
/* End PBXShellScriptBuildPhase section */

/* Begin PBXSourcesBuildPhase section */
		4A64BC166515891553C90354 /* Sources */ = {isa = PBXSourcesBuildPhase; buildActionMask = 2147483647; files = (E0670461C18782BCC148B19D /* EnglishPronunciationCoachApp.swift in Sources */, 946AFFA487844C04C3F4B9FE /* RootView.swift in Sources */, 8A401657148C3C846A6770AE /* AudioRecorder.swift in Sources */, F1A0A4367D8EA0C33BF00D60 /* ModelAudioPlayer.swift in Sources */, C5A32C7073F405D226A8AEF9 /* Components.swift in Sources */, 41CCF9C86BBDC00FB5F15DF6 /* StarsView.swift in Sources */, 1FF5274DF45FC835FF47118E /* Theme.swift in Sources */, F793853B16A62DABDB62D4DC /* PronunciationEngine.swift in Sources */, 8C7B1FE8E658DE2DA59E97EB /* AdventureView.swift in Sources */, 325CF79DAC1F6F5B96E022C6 /* StageDetailView.swift in Sources */, 3D9247486DFBFAE22A15B9E1 /* ChallengeView.swift in Sources */, 85F6FE4D2CEBA5AA4B77D1BB /* ChallengeViewModel.swift in Sources */, C3EB2E9A7F3DD58A4DCF1017 /* ClearView.swift in Sources */, AB24112BDC33FD7183457EF2 /* PaywallView.swift in Sources */, 73A275977F742BE016E927E6 /* ProgressTabView.swift in Sources */, 9BB579D62EE1596C5C20138E /* SettingsView.swift in Sources */, 4B5A47527D4E957C8D50A519 /* SoundDetailView.swift in Sources */, 3AB16B266A4B1A7B3E25F7F8 /* ZukanView.swift in Sources */, AE59877FB6BC06F442E32BD5 /* DailyAllowance.swift in Sources */, B308BFF1144E24D2F895EFF1 /* PracticeOutcome.swift in Sources */, 1321B9639DD98CDAE4388A3C /* PracticeStats.swift in Sources */, 6A9D7D30257C9EEDBB5C0C5F /* Sound.swift in Sources */, D16E5D82797A0CCFC27A2C3A /* Stage.swift in Sources */, A3789825E74A6449CD27EBD9 /* Models.swift in Sources */, 6DD02B965202C1E25839D3C8 /* EntitlementStore.swift in Sources */, FACBB2BC09EB5883C6393F1A /* StoreConfig.swift in Sources */, 24914866AD5277E8C74315C9 /* CApi.cpp in Sources */, 8E78A7F18B94286FE92582FF /* Engine.cpp in Sources */, DEEFB92118D6089DDED2466A /* MockAcousticModel.cpp in Sources */, 913FBF3B63C1FF983B98ADEB /* ModelOutputProjection.cpp in Sources */, D6BF1CF3F80C41F8548F6EA5 /* OnnxAcousticModel.cpp in Sources */, 5DDB24732EF261D6A145EBD5 /* AudioQuality.cpp in Sources */, EF6FCAE60651A0819BFD6454 /* CTCAlignment.cpp in Sources */, F5B3D2814E35D219E1DCF0BB /* ContentStore.cpp in Sources */, 49DB1A615F12B11EABDC4694 /* PhonemeInventory.cpp in Sources */, 75C530FB04CC52031B75747C /* ContentValidation.cpp in Sources */, 4519441091BA2FFD6A95F048 /* DecisionRules.cpp in Sources */, 7CC1DF72A4A940A65BB89928 /* ErrorHistory.cpp in Sources */, 1DD4D7ADBA2933F18C92CCB8 /* PhonemeScoring.cpp in Sources */, 0318C4BAB169C0C3B3558B18 /* Prosody.cpp in Sources */); runOnlyForDeploymentPostprocessing = 0; };
		4DB0004DBE3BE28232C7BC2B /* Sources */ = {isa = PBXSourcesBuildPhase; buildActionMask = 2147483647; files = (EDB6B9540B7517CF456F735D /* ModelTests.swift in Sources */, C816D74E580A3E672A86E090 /* NativeEngineGateTests.swift in Sources */); runOnlyForDeploymentPostprocessing = 0; };
/* End PBXSourcesBuildPhase section */

/* Begin PBXTargetDependency section */
		E54DEBD65D8142E7785275AA /* PBXTargetDependency */ = {isa = PBXTargetDependency; target = 5A354C36BF45597A850E1B0F /* EnglishPronunciationCoach */; targetProxy = 431387EB7262E1CFC79B125E /* PBXContainerItemProxy */; };
/* End PBXTargetDependency section */

/* Begin XCBuildConfiguration section */
		E8AEDADE936B8B3908F9E677 /* Debug */ = {isa = XCBuildConfiguration; buildSettings = {ALWAYS_SEARCH_USER_PATHS = NO; CLANG_ENABLE_MODULES = YES; CLANG_CXX_LANGUAGE_STANDARD = "c++17"; IPHONEOS_DEPLOYMENT_TARGET = 18.0; SDKROOT = iphoneos; SWIFT_VERSION = 6.0; DEBUG_INFORMATION_FORMAT = dwarf; ENABLE_TESTABILITY = YES; ONLY_ACTIVE_ARCH = YES; SWIFT_ACTIVE_COMPILATION_CONDITIONS = "DEBUG $(inherited)"; SWIFT_OPTIMIZATION_LEVEL = "-Onone"; }; name = Debug; };
		E628DEF761464ED50B2BBAE5 /* Release */ = {isa = XCBuildConfiguration; buildSettings = {ALWAYS_SEARCH_USER_PATHS = NO; CLANG_ENABLE_MODULES = YES; CLANG_CXX_LANGUAGE_STANDARD = "c++17"; IPHONEOS_DEPLOYMENT_TARGET = 18.0; SDKROOT = iphoneos; SWIFT_VERSION = 6.0; DEBUG_INFORMATION_FORMAT = "dwarf-with-dsym"; ENABLE_NS_ASSERTIONS = NO; SWIFT_COMPILATION_MODE = wholemodule; SWIFT_OPTIMIZATION_LEVEL = "-O"; VALIDATE_PRODUCT = YES; }; name = Release; };
		D86F3FE4325378FE926B59F8 /* Debug */ = {isa = XCBuildConfiguration; buildSettings = {ASSETCATALOG_COMPILER_APPICON_NAME = AppIcon; CODE_SIGN_STYLE = Automatic; CURRENT_PROJECT_VERSION = 1; ENABLE_PREVIEWS = YES; GENERATE_INFOPLIST_FILE = YES; INFOPLIST_FILE = EnglishPronunciationCoach/Resources/Info.plist; INFOPLIST_KEY_CFBundleDisplayName = "英語発音コーチ"; INFOPLIST_KEY_LSApplicationCategoryType = "public.app-category.education"; INFOPLIST_KEY_NSMicrophoneUsageDescription = "発音を録音し、端末上で音ごとのフィードバックを表示するためにマイクを使用します。録音は分析のために外部サーバーへ送信されません。"; INFOPLIST_KEY_UIApplicationSceneManifest_Generation = YES; INFOPLIST_KEY_UILaunchScreen_Generation = YES; INFOPLIST_KEY_UISupportedInterfaceOrientations_iPad = "UIInterfaceOrientationPortrait UIInterfaceOrientationPortraitUpsideDown UIInterfaceOrientationLandscapeLeft UIInterfaceOrientationLandscapeRight"; INFOPLIST_KEY_UISupportedInterfaceOrientations_iPhone = UIInterfaceOrientationPortrait; IPHONEOS_DEPLOYMENT_TARGET = 18.0; MARKETING_VERSION = 1.0; PRODUCT_BUNDLE_IDENTIFIER = com.worksbienstudios.englishpronunciationcoach; PRODUCT_NAME = "$(TARGET_NAME)"; GCC_PREPROCESSOR_DEFINITIONS = "$(inherited) PRONUNCIATION_ENGINE_WITH_ONNXRUNTIME=1"; OTHER_LDFLAGS = "$(inherited) -framework Network -framework Accelerate"; HEADER_SEARCH_PATHS = "$(inherited) $(PROJECT_DIR)/../pronunciation-engine/include $(PROJECT_DIR)/../pronunciation-engine/src $(PROJECT_DIR)/../pronunciation-engine/third_party"; SWIFT_OBJC_BRIDGING_HEADER = EnglishPronunciationCoach/EngineBridge/PronunciationEngine-Bridging-Header.h; SUPPORTED_PLATFORMS = "iphoneos iphonesimulator"; SUPPORTS_MACCATALYST = NO; SWIFT_EMIT_LOC_STRINGS = YES; SWIFT_VERSION = 6.0; TARGETED_DEVICE_FAMILY = "1,2"; }; name = Debug; };
		53F37EC12E7F23FD793272D4 /* Release */ = {isa = XCBuildConfiguration; buildSettings = {ASSETCATALOG_COMPILER_APPICON_NAME = AppIcon; CODE_SIGN_STYLE = Automatic; CURRENT_PROJECT_VERSION = 1; ENABLE_PREVIEWS = YES; GENERATE_INFOPLIST_FILE = YES; INFOPLIST_FILE = EnglishPronunciationCoach/Resources/Info.plist; INFOPLIST_KEY_CFBundleDisplayName = "英語発音コーチ"; INFOPLIST_KEY_LSApplicationCategoryType = "public.app-category.education"; INFOPLIST_KEY_NSMicrophoneUsageDescription = "発音を録音し、端末上で音ごとのフィードバックを表示するためにマイクを使用します。録音は分析のために外部サーバーへ送信されません。"; INFOPLIST_KEY_UIApplicationSceneManifest_Generation = YES; INFOPLIST_KEY_UILaunchScreen_Generation = YES; INFOPLIST_KEY_UISupportedInterfaceOrientations_iPad = "UIInterfaceOrientationPortrait UIInterfaceOrientationPortraitUpsideDown UIInterfaceOrientationLandscapeLeft UIInterfaceOrientationLandscapeRight"; INFOPLIST_KEY_UISupportedInterfaceOrientations_iPhone = UIInterfaceOrientationPortrait; IPHONEOS_DEPLOYMENT_TARGET = 18.0; MARKETING_VERSION = 1.0; PRODUCT_BUNDLE_IDENTIFIER = com.worksbienstudios.englishpronunciationcoach; PRODUCT_NAME = "$(TARGET_NAME)"; GCC_PREPROCESSOR_DEFINITIONS = "$(inherited) PRONUNCIATION_ENGINE_WITH_ONNXRUNTIME=1"; OTHER_LDFLAGS = "$(inherited) -framework Network -framework Accelerate"; HEADER_SEARCH_PATHS = "$(inherited) $(PROJECT_DIR)/../pronunciation-engine/include $(PROJECT_DIR)/../pronunciation-engine/src $(PROJECT_DIR)/../pronunciation-engine/third_party"; SWIFT_OBJC_BRIDGING_HEADER = EnglishPronunciationCoach/EngineBridge/PronunciationEngine-Bridging-Header.h; SUPPORTED_PLATFORMS = "iphoneos iphonesimulator"; SUPPORTS_MACCATALYST = NO; SWIFT_EMIT_LOC_STRINGS = YES; SWIFT_VERSION = 6.0; TARGETED_DEVICE_FAMILY = "1,2"; }; name = Release; };
		06E9378EA19BA6922AF59CD8 /* Debug */ = {isa = XCBuildConfiguration; buildSettings = {BUNDLE_LOADER = "$(TEST_HOST)"; CODE_SIGN_STYLE = Automatic; GENERATE_INFOPLIST_FILE = YES; IPHONEOS_DEPLOYMENT_TARGET = 18.0; PRODUCT_BUNDLE_IDENTIFIER = com.worksbienstudios.englishpronunciationcoach.tests; PRODUCT_NAME = "$(TARGET_NAME)"; SWIFT_VERSION = 6.0; TARGETED_DEVICE_FAMILY = "1,2"; TEST_HOST = "$(BUILT_PRODUCTS_DIR)/EnglishPronunciationCoach.app/$(BUNDLE_EXECUTABLE_FOLDER_PATH)/EnglishPronunciationCoach"; }; name = Debug; };
		6643C7B6304443703A243792 /* Release */ = {isa = XCBuildConfiguration; buildSettings = {BUNDLE_LOADER = "$(TEST_HOST)"; CODE_SIGN_STYLE = Automatic; GENERATE_INFOPLIST_FILE = YES; IPHONEOS_DEPLOYMENT_TARGET = 18.0; PRODUCT_BUNDLE_IDENTIFIER = com.worksbienstudios.englishpronunciationcoach.tests; PRODUCT_NAME = "$(TARGET_NAME)"; SWIFT_VERSION = 6.0; TARGETED_DEVICE_FAMILY = "1,2"; TEST_HOST = "$(BUILT_PRODUCTS_DIR)/EnglishPronunciationCoach.app/$(BUNDLE_EXECUTABLE_FOLDER_PATH)/EnglishPronunciationCoach"; }; name = Release; };
/* End XCBuildConfiguration section */

/* Begin XCConfigurationList section */
		281C23BCAB0E702EAA976CAA /* Build configuration list for PBXProject */ = {isa = XCConfigurationList; buildConfigurations = (E8AEDADE936B8B3908F9E677 /* Debug */, E628DEF761464ED50B2BBAE5 /* Release */); defaultConfigurationIsVisible = 0; defaultConfigurationName = Release; };
		41483DA642C5D42FF9DB7AEC /* Build configuration list for PBXNativeTarget "EnglishPronunciationCoach" */ = {isa = XCConfigurationList; buildConfigurations = (D86F3FE4325378FE926B59F8 /* Debug */, 53F37EC12E7F23FD793272D4 /* Release */); defaultConfigurationIsVisible = 0; defaultConfigurationName = Release; };
		3203F1C301B15B352A464441 /* Build configuration list for PBXNativeTarget "EnglishPronunciationCoachTests" */ = {isa = XCConfigurationList; buildConfigurations = (06E9378EA19BA6922AF59CD8 /* Debug */, 6643C7B6304443703A243792 /* Release */); defaultConfigurationIsVisible = 0; defaultConfigurationName = Release; };
/* End XCConfigurationList section */

/* Begin XCRemoteSwiftPackageReference section */
		12044DB0AB0DB17ACA675B22 /* XCRemoteSwiftPackageReference "ios-18-shell" */ = {isa = XCRemoteSwiftPackageReference; repositoryURL = "https://github.com/lrodeveloperr/ios-18-shell"; requirement = {kind = revision; revision = c082e90f9fc92970ef127792dfba2dd9cdffd710; }; };
/* End XCRemoteSwiftPackageReference section */

/* Begin XCLocalSwiftPackageReference section */
		A42CC5A64EC08478549F625F /* XCLocalSwiftPackageReference "OnnxRuntimeBinary" */ = {isa = XCLocalSwiftPackageReference; relativePath = Packages/OnnxRuntimeBinary; };
/* End XCLocalSwiftPackageReference section */

/* Begin XCSwiftPackageProductDependency section */
		7B2B2F123E9F1785BC33B926 /* iOS18Shell */ = {isa = XCSwiftPackageProductDependency; package = 12044DB0AB0DB17ACA675B22 /* XCRemoteSwiftPackageReference "ios-18-shell" */; productName = iOS18Shell; };
		A0B10C78812844387DC2E861 /* onnxruntime */ = {isa = XCSwiftPackageProductDependency; package = A42CC5A64EC08478549F625F /* XCLocalSwiftPackageReference "OnnxRuntimeBinary" */; productName = onnxruntime; };
/* End XCSwiftPackageProductDependency section */

	};
	rootObject = 46F86FAA6BBF9AC94A7E4595 /* Project object */;
}
